// !$*UTF8*$!
{
	archiveVersion = 1;
	classes = {
	};
	objectVersion = 50;
	objects = {

/* Begin PBXBuildFile section */
		A9E4641124F5874000884ABF /* AppDelegate.swift in Sources */ = {isa = PBXBuildFile; fileRef = A9E4641024F5874000884ABF /* AppDelegate.swift */; };
		A9E4641324F5874000884ABF /* SceneDelegate.swift in Sources */ = {isa = PBXBuildFile; fileRef = A9E4641224F5874000884ABF /* SceneDelegate.swift */; };
		A9E4641824F5874000884ABF /* Main.storyboard in Resources */ = {isa = PBXBuildFile; fileRef = A9E4641624F5874000884ABF /* Main.storyboard */; };
		A9E4641A24F5874200884ABF /* Assets.xcassets in Resources */ = {isa = PBXBuildFile; fileRef = A9E4641924F5874200884ABF /* Assets.xcassets */; };
		A9E4641D24F5874200884ABF /* LaunchScreen.storyboard in Resources */ = {isa = PBXBuildFile; fileRef = A9E4641B24F5874200884ABF /* LaunchScreen.storyboard */; };
		A9E4642724F5890400884ABF /* OrdersViewController.swift in Sources */ = {isa = PBXBuildFile; fileRef = A9E4642624F5890400884ABF /* OrdersViewController.swift */; };
		A9E4642924F5891F00884ABF /* AddOrderViewController.swift in Sources */ = {isa = PBXBuildFile; fileRef = A9E4642824F5891F00884ABF /* AddOrderViewController.swift */; };
		A9E4642C24F58BF300884ABF /* GCService.swift in Sources */ = {isa = PBXBuildFile; fileRef = A9E4642B24F58BF300884ABF /* GCService.swift */; };
		A9E4642F24F58D9C00884ABF /* Order.swift in Sources */ = {isa = PBXBuildFile; fileRef = A9E4642E24F58D9C00884ABF /* Order.swift */; };
/* End PBXBuildFile section */

/* Begin PBXFileReference section */
		A9E4640D24F5874000884ABF /* GoodCoffee.app */ = {isa = PBXFileReference; explicitFileType = wrapper.application; includeInIndex = 0; path = GoodCoffee.app; sourceTree = BUILT_PRODUCTS_DIR; };
		A9E4641024F5874000884ABF /* AppDelegate.swift */ = {isa = PBXFileReference; lastKnownFileType = sourcecode.swift; path = AppDelegate.swift; sourceTree = "<group>"; };
		A9E4641224F5874000884ABF /* SceneDelegate.swift */ = {isa = PBXFileReference; lastKnownFileType = sourcecode.swift; path = SceneDelegate.swift; sourceTree = "<group>"; };
		A9E4641724F5874000884ABF /* Base */ = {isa = PBXFileReference; lastKnownFileType = file.storyboard; name = Base; path = Base.lproj/Main.storyboard; sourceTree = "<group>"; };
		A9E4641924F5874200884ABF /* Assets.xcassets */ = {isa = PBXFileReference; lastKnownFileType = folder.assetcatalog; path = Assets.xcassets; sourceTree = "<group>"; };
		A9E4641C24F5874200884ABF /* Base */ = {isa = PBXFileReference; lastKnownFileType = file.storyboard; name = Base; path = Base.lproj/LaunchScreen.storyboard; sourceTree = "<group>"; };
		A9E4641E24F5874200884ABF /* Info.plist */ = {isa = PBXFileReference; lastKnownFileType = text.plist.xml; path = Info.plist; sourceTree = "<group>"; };
		A9E4642624F5890400884ABF /* OrdersViewController.swift */ = {isa = PBXFileReference; lastKnownFileType = sourcecode.swift; path = OrdersViewController.swift; sourceTree = "<group>"; };
		A9E4642824F5891F00884ABF /* AddOrderViewController.swift */ = {isa = PBXFileReference; lastKnownFileType = sourcecode.swift; path = AddOrderViewController.swift; sourceTree = "<group>"; };
		A9E4642B24F58BF300884ABF /* GCService.swift */ = {isa = PBXFileReference; lastKnownFileType = sourcecode.swift; path = GCService.swift; sourceTree = "<group>"; };
		A9E4642E24F58D9C00884ABF /* Order.swift */ = {isa = PBXFileReference; lastKnownFileType = sourcecode.swift; path = Order.swift; sourceTree = "<group>"; };
/* End PBXFileReference section */

/* Begin PBXFrameworksBuildPhase section */
		A9E4640A24F5874000884ABF /* Frameworks */ = {
			isa = PBXFrameworksBuildPhase;
			buildActionMask = 2147483647;
			files = (
			);
			runOnlyForDeploymentPostprocessing = 0;
		};
/* End PBXFrameworksBuildPhase section */

/* Begin PBXGroup section */
		A9E4640424F5874000884ABF = {
			isa = PBXGroup;
			children = (
				A9E4640F24F5874000884ABF /* GoodCoffee */,
				A9E4640E24F5874000884ABF /* Products */,
			);
			sourceTree = "<group>";
		};
		A9E4640E24F5874000884ABF /* Products */ = {
			isa = PBXGroup;
			children = (
				A9E4640D24F5874000884ABF /* GoodCoffee.app */,
			);
			name = Products;
			sourceTree = "<group>";
		};
		A9E4640F24F5874000884ABF /* GoodCoffee */ = {
			isa = PBXGroup;
			children = (
				A9E4642D24F58D9300884ABF /* Models */,
				A9E4642A24F58BE900884ABF /* Services */,
				A9E4642524F5883D00884ABF /* Controllers */,
				A9E4641024F5874000884ABF /* AppDelegate.swift */,
				A9E4641224F5874000884ABF /* SceneDelegate.swift */,
				A9E4641624F5874000884ABF /* Main.storyboard */,
				A9E4641924F5874200884ABF /* Assets.xcassets */,
				A9E4641B24F5874200884ABF /* LaunchScreen.storyboard */,
				A9E4641E24F5874200884ABF /* Info.plist */,
			);
			path = GoodCoffee;
			sourceTree = "<group>";
		};
		A9E4642524F5883D00884ABF /* Controllers */ = {
			isa = PBXGroup;
			children = (
				A9E4642624F5890400884ABF /* OrdersViewController.swift */,
				A9E4642824F5891F00884ABF /* AddOrderViewController.swift */,
			);
			path = Controllers;
			sourceTree = "<group>";
		};
		A9E4642A24F58BE900884ABF /* Services */ = {
			isa = PBXGroup;
			children = (
				A9E4642B24F58BF300884ABF /* GCService.swift */,
			);
			path = Services;
			sourceTree = "<group>";
		};
		A9E4642D24F58D9300884ABF /* Models */ = {
			isa = PBXGroup;
			children = (
				A9E4642E24F58D9C00884ABF /* Order.swift */,
			);
			path = Models;
			sourceTree = "<group>";
		};
/* End PBXGroup section */

/* Begin PBXNativeTarget section */
		A9E4640C24F5874000884ABF /* GoodCoffee */ = {
			isa = PBXNativeTarget;
			buildConfigurationList = A9E4642124F5874200884ABF /* Build configuration list for PBXNativeTarget "GoodCoffee" */;
			buildPhases = (
				A9E4640924F5874000884ABF /* Sources */,
				A9E4640A24F5874000884ABF /* Frameworks */,
				A9E4640B24F5874000884ABF /* Resources */,
				A9E4642424F587B000884ABF /* Swiftlint Script */,
			);
			buildRules = (
			);
			dependencies = (
			);
			name = GoodCoffee;
			productName = GoodCoffee;
			productReference = A9E4640D24F5874000884ABF /* GoodCoffee.app */;
			productType = "com.apple.product-type.application";
		};
/* End PBXNativeTarget section */

/* Begin PBXProject section */
		A9E4640524F5874000884ABF /* Project object */ = {
			isa = PBXProject;
			attributes = {
				LastSwiftUpdateCheck = 1160;
				LastUpgradeCheck = 1160;
				ORGANIZATIONNAME = "Juan Francisco Dorado Torres";
				TargetAttributes = {
					A9E4640C24F5874000884ABF = {
						CreatedOnToolsVersion = 11.6;
					};
				};
			};
			buildConfigurationList = A9E4640824F5874000884ABF /* Build configuration list for PBXProject "GoodCoffee" */;
			compatibilityVersion = "Xcode 9.3";
			developmentRegion = en;
			hasScannedForEncodings = 0;
			knownRegions = (
				en,
				Base,
			);
			mainGroup = A9E4640424F5874000884ABF;
			productRefGroup = A9E4640E24F5874000884ABF /* Products */;
			projectDirPath = "";
			projectRoot = "";
			targets = (
				A9E4640C24F5874000884ABF /* GoodCoffee */,
			);
		};
/* End PBXProject section */

/* Begin PBXResourcesBuildPhase section */
		A9E4640B24F5874000884ABF /* Resources */ = {
			isa = PBXResourcesBuildPhase;
			buildActionMask = 2147483647;
			files = (
				A9E4641D24F5874200884ABF /* LaunchScreen.storyboard in Resources */,
				A9E4641A24F5874200884ABF /* Assets.xcassets in Resources */,
				A9E4641824F5874000884ABF /* Main.storyboard in Resources */,
			);
			runOnlyForDeploymentPostprocessing = 0;
		};
/* End PBXResourcesBuildPhase section */

/* Begin PBXShellScriptBuildPhase section */
		A9E4642424F587B000884ABF /* Swiftlint Script */ = {
			isa = PBXShellScriptBuildPhase;
			buildActionMask = 2147483647;
			files = (
			);
			inputFileListPaths = (
			);
			inputPaths = (
			);
			name = "Swiftlint Script";
			outputFileListPaths = (
			);
			outputPaths = (
			);
			runOnlyForDeploymentPostprocessing = 0;
			shellPath = /bin/sh;
			shellScript = "if which swiftlint >/dev/null; then\n  swiftlint\nelse\n  echo \"warning: SwiftLint not installed, download from https://github.com/realm/SwiftLint\"\nfi\n";
		};
/* End PBXShellScriptBuildPhase section */

/* Begin PBXSourcesBuildPhase section */
		A9E4640924F5874000884ABF /* Sources */ = {
			isa = PBXSourcesBuildPhase;
			buildActionMask = 2147483647;
			files = (
				A9E4642F24F58D9C00884ABF /* Order.swift in Sources */,
				A9E4641124F5874000884ABF /* AppDelegate.swift in Sources */,
				A9E4642724F5890400884ABF /* OrdersViewController.swift in Sources */,
				A9E4641324F5874000884ABF /* SceneDelegate.swift in Sources */,
				A9E4642924F5891F00884ABF /* AddOrderViewController.swift in Sources */,
				A9E4642C24F58BF300884ABF /* GCService.swift in Sources */,
			);
			runOnlyForDeploymentPostprocessing = 0;
		};
/* End PBXSourcesBuildPhase section */

/* Begin PBXVariantGroup section */
		A9E4641624F5874000884ABF /* Main.storyboard */ = {
			isa = PBXVariantGroup;
			children = (
				A9E4641724F5874000884ABF /* Base */,
			);
			name = Main.storyboard;
			sourceTree = "<group>";
		};
		A9E4641B24F5874200884ABF /* LaunchScreen.storyboard */ = {
			isa = PBXVariantGroup;
			children = (
				A9E4641C24F5874200884ABF /* Base */,
			);
			name = LaunchScreen.storyboard;
			sourceTree = "<group>";
		};
/* End PBXVariantGroup section */

/* Begin XCBuildConfiguration section */
		A9E4641F24F5874200884ABF /* Debug */ = {
			isa = XCBuildConfiguration;
			buildSettings = {
				ALWAYS_SEARCH_USER_PATHS = NO;
				CLANG_ANALYZER_NONNULL = YES;
				CLANG_ANALYZER_NUMBER_OBJECT_CONVERSION = YES_AGGRESSIVE;
				CLANG_CXX_LANGUAGE_STANDARD = "gnu++14";
				CLANG_CXX_LIBRARY = "libc++";
				CLANG_ENABLE_MODULES = YES;
				CLANG_ENABLE_OBJC_ARC = YES;
				CLANG_ENABLE_OBJC_WEAK = YES;
				CLANG_WARN_BLOCK_CAPTURE_AUTORELEASING = YES;
				CLANG_WARN_BOOL_CONVERSION = YES;
				CLANG_WARN_COMMA = YES;
				CLANG_WARN_CONSTANT_CONVERSION = YES;
				CLANG_WARN_DEPRECATED_OBJC_IMPLEMENTATIONS = YES;
				CLANG_WARN_DIRECT_OBJC_ISA_USAGE = YES_ERROR;
				CLANG_WARN_DOCUMENTATION_COMMENTS = YES;
				CLANG_WARN_EMPTY_BODY = YES;
				CLANG_WARN_ENUM_CONVERSION = YES;
				CLANG_WARN_INFINITE_RECURSION = YES;
				CLANG_WARN_INT_CONVERSION = YES;
				CLANG_WARN_NON_LITERAL_NULL_CONVERSION = YES;
				CLANG_WARN_OBJC_IMPLICIT_RETAIN_SELF = YES;
				CLANG_WARN_OBJC_LITERAL_CONVERSION = YES;
				CLANG_WARN_OBJC_ROOT_CLASS = YES_ERROR;
				CLANG_WARN_RANGE_LOOP_ANALYSIS = YES;
				CLANG_WARN_STRICT_PROTOTYPES = YES;
				CLANG_WARN_SUSPICIOUS_MOVE = YES;
				CLANG_WARN_UNGUARDED_AVAILABILITY = YES_AGGRESSIVE;
				CLANG_WARN_UNREACHABLE_CODE = YES;
				CLANG_WARN__DUPLICATE_METHOD_MATCH = YES;
				COPY_PHASE_STRIP = NO;
				DEBUG_INFORMATION_FORMAT = dwarf;
				ENABLE_STRICT_OBJC_MSGSEND = YES;
				ENABLE_TESTABILITY = YES;
				GCC_C_LANGUAGE_STANDARD = gnu11;
				GCC_DYNAMIC_NO_PIC = NO;
				GCC_NO_COMMON_BLOCKS = YES;
				GCC_OPTIMIZATION_LEVEL = 0;
				GCC_PREPROCESSOR_DEFINITIONS = (
					"DEBUG=1",
					"$(inherited)",
				);
				GCC_WARN_64_TO_32_BIT_CONVERSION = YES;
				GCC_WARN_ABOUT_RETURN_TYPE = YES_ERROR;
				GCC_WARN_UNDECLARED_SELECTOR = YES;
				GCC_WARN_UNINITIALIZED_AUTOS = YES_AGGRESSIVE;
				GCC_WARN_UNUSED_FUNCTION = YES;
				GCC_WARN_UNUSED_VARIABLE = YES;
				IPHONEOS_DEPLOYMENT_TARGET = 13.6;
				MTL_ENABLE_DEBUG_INFO = INCLUDE_SOURCE;
				MTL_FAST_MATH = YES;
				ONLY_ACTIVE_ARCH = YES;
				SDKROOT = iphoneos;
				SWIFT_ACTIVE_COMPILATION_CONDITIONS = DEBUG;
				SWIFT_OPTIMIZATION_LEVEL = "-Onone";
			};
			name = Debug;
		};
		A9E4642024F5874200884ABF /* Release */ = {
			isa = XCBuildConfiguration;
			buildSettings = {
				ALWAYS_SEARCH_USER_PATHS = NO;
				CLANG_ANALYZER_NONNULL = YES;
				CLANG_ANALYZER_NUMBER_OBJECT_CONVERSION = YES_AGGRESSIVE;
				CLANG_CXX_LANGUAGE_STANDARD = "gnu++14";
				CLANG_CXX_LIBRARY = "libc++";
				CLANG_ENABLE_MODULES = YES;
				CLANG_ENABLE_OBJC_ARC = YES;
				CLANG_ENABLE_OBJC_WEAK = YES;
				CLANG_WARN_BLOCK_CAPTURE_AUTORELEASING = YES;
				CLANG_WARN_BOOL_CONVERSION = YES;
				CLANG_WARN_COMMA = YES;
				CLANG_WARN_CONSTANT_CONVERSION = YES;
				CLANG_WARN_DEPRECATED_OBJC_IMPLEMENTATIONS = YES;
				CLANG_WARN_DIRECT_OBJC_ISA_USAGE = YES_ERROR;
				CLANG_WARN_DOCUMENTATION_COMMENTS = YES;
				CLANG_WARN_EMPTY_BODY = YES;
				CLANG_WARN_ENUM_CONVERSION = YES;
				CLANG_WARN_INFINITE_RECURSION = YES;
				CLANG_WARN_INT_CONVERSION = YES;
				CLANG_WARN_NON_LITERAL_NULL_CONVERSION = YES;
				CLANG_WARN_OBJC_IMPLICIT_RETAIN_SELF = YES;
				CLANG_WARN_OBJC_LITERAL_CONVERSION = YES;
				CLANG_WARN_OBJC_ROOT_CLASS = YES_ERROR;
				CLANG_WARN_RANGE_LOOP_ANALYSIS = YES;
				CLANG_WARN_STRICT_PROTOTYPES = YES;
				CLANG_WARN_SUSPICIOUS_MOVE = YES;
				CLANG_WARN_UNGUARDED_AVAILABILITY = YES_AGGRESSIVE;
				CLANG_WARN_UNREACHABLE_CODE = YES;
				CLANG_WARN__DUPLICATE_METHOD_MATCH = YES;
				COPY_PHASE_STRIP = NO;
				DEBUG_INFORMATION_FORMAT = "dwarf-with-dsym";
				ENABLE_NS_ASSERTIONS = NO;
				ENABLE_STRICT_OBJC_MSGSEND = YES;
				GCC_C_LANGUAGE_STANDARD = gnu11;
				GCC_NO_COMMON_BLOCKS = YES;
				GCC_WARN_64_TO_32_BIT_CONVERSION = YES;
				GCC_WARN_ABOUT_RETURN_TYPE = YES_ERROR;
				GCC_WARN_UNDECLARED_SELECTOR = YES;
				GCC_WARN_UNINITIALIZED_AUTOS = YES_AGGRESSIVE;
				GCC_WARN_UNUSED_FUNCTION = YES;
				GCC_WARN_UNUSED_VARIABLE = YES;
				IPHONEOS_DEPLOYMENT_TARGET = 13.6;
				MTL_ENABLE_DEBUG_INFO = NO;
				MTL_FAST_MATH = YES;
				SDKROOT = iphoneos;
				SWIFT_COMPILATION_MODE = wholemodule;
				SWIFT_OPTIMIZATION_LEVEL = "-O";
				VALIDATE_PRODUCT = YES;
			};
			name = Release;
		};
		A9E4642224F5874200884ABF /* Debug */ = {
			isa = XCBuildConfiguration;
			buildSettings = {
				ASSETCATALOG_COMPILER_APPICON_NAME = AppIcon;
				CODE_SIGN_STYLE = Automatic;
				INFOPLIST_FILE = GoodCoffee/Info.plist;
				LD_RUNPATH_SEARCH_PATHS = (
					"$(inherited)",
					"@executable_path/Frameworks",
				);
				PRODUCT_BUNDLE_IDENTIFIER = com.dorado.GoodCoffee;
				PRODUCT_NAME = "$(TARGET_NAME)";
				SWIFT_VERSION = 5.0;
				TARGETED_DEVICE_FAMILY = "1,2";
			};
			name = Debug;
		};
		A9E4642324F5874200884ABF /* Release */ = {
			isa = XCBuildConfiguration;
			buildSettings = {
				ASSETCATALOG_COMPILER_APPICON_NAME = AppIcon;
				CODE_SIGN_STYLE = Automatic;
				INFOPLIST_FILE = GoodCoffee/Info.plist;
				LD_RUNPATH_SEARCH_PATHS = (
					"$(inherited)",
					"@executable_path/Frameworks",
				);
				PRODUCT_BUNDLE_IDENTIFIER = com.dorado.GoodCoffee;
				PRODUCT_NAME = "$(TARGET_NAME)";
				SWIFT_VERSION = 5.0;
				TARGETED_DEVICE_FAMILY = "1,2";
			};
			name = Release;
		};
/* End XCBuildConfiguration section */

/* Begin XCConfigurationList section */
		A9E4640824F5874000884ABF /* Build configuration list for PBXProject "GoodCoffee" */ = {
			isa = XCConfigurationList;
			buildConfigurations = (
				A9E4641F24F5874200884ABF /* Debug */,
				A9E4642024F5874200884ABF /* Release */,
			);
			defaultConfigurationIsVisible = 0;
			defaultConfigurationName = Release;
		};
		A9E4642124F5874200884ABF /* Build configuration list for PBXNativeTarget "GoodCoffee" */ = {
			isa = XCConfigurationList;
			buildConfigurations = (
				A9E4642224F5874200884ABF /* Debug */,
				A9E4642324F5874200884ABF /* Release */,
			);
			defaultConfigurationIsVisible = 0;
			defaultConfigurationName = Release;
		};
/* End XCConfigurationList section */
	};
	rootObject = A9E4640524F5874000884ABF /* Project object */;
}
